
Microsoft Visual Studio Solution File, Format Version 12.00
# Visual Studio 15
VisualStudioVersion = 15.0.27703.2035
MinimumVisualStudioVersion = 10.0.40219.1
Project("{FAE04EC0-301F-11D3-BF4B-00C04F79EFBC}") = "LibraryDB", "LibraryDB\LibraryDB.csproj", "{27279CF8-C375-4FA2-9B95-DF09B2528914}"
EndProject
Global
	GlobalSection(SolutionConfigurationPlatforms) = preSolution
		Debug|Any CPU = Debug|Any CPU
		Release|Any CPU = Release|Any CPU
	EndGlobalSection
	GlobalSection(ProjectConfigurationPlatforms) = postSolution
		{27279CF8-C375-4FA2-9B95-DF09B2528914}.Debug|Any CPU.ActiveCfg = Debug|Any CPU
		{27279CF8-C375-4FA2-9B95-DF09B2528914}.Debug|Any CPU.Build.0 = Debug|Any CPU
		{27279CF8-C375-4FA2-9B95-DF09B2528914}.Release|Any CPU.ActiveCfg = Release|Any CPU
		{27279CF8-C375-4FA2-9B95-DF09B2528914}.Release|Any CPU.Build.0 = Release|Any CPU
	EndGlobalSection
	GlobalSection(SolutionProperties) = preSolution
		HideSolutionNode = FALSE
	EndGlobalSection
	GlobalSection(ExtensibilityGlobals) = postSolution
		SolutionGuid = {96151094-EB32-4D45-BA1A-62E1A0C31F4B}
	EndGlobalSection
EndGlobal
